
Microsoft Visual Studio Solution File, Format Version 12.00
# Visual Studio Version 16
VisualStudioVersion = 16.0.33328.57
MinimumVisualStudioVersion = 10.0.40219.1
Project("{FAE04EC0-301F-11D3-BF4B-00C04F79EFBC}") = "KIO_ex_p182_02", "KIO_ex_p182_02\KIO_ex_p182_02.csproj", "{01129524-EECB-485D-8BD1-E6383D7F0501}"
EndProject
Project("{FAE04EC0-301F-11D3-BF4B-00C04F79EFBC}") = "KIO_ex_p182_01", "KIO_ex_p182_01\KIO_ex_p182_01.csproj", "{70D591DE-01A6-48F8-8CE9-D16F939E2DAD}"
EndProject
Project("{FAE04EC0-301F-11D3-BF4B-00C04F79EFBC}") = "KIO_ex_p182_04", "KIO_ex_p182_04\KIO_ex_p182_04.csproj", "{AEA57092-03D2-4790-9F20-9F5ABBA1BFFA}"
EndProject
Project("{FAE04EC0-301F-11D3-BF4B-00C04F79EFBC}") = "KIO_ex_p182_03_01While", "KIO_ex_p182_03_01While\KIO_ex_p182_03_01While.csproj", "{5969D59C-EDD3-401B-8243-54192B8D1C78}"
EndProject
Project("{FAE04EC0-301F-11D3-BF4B-00C04F79EFBC}") = "KIO_ex_p182_03_01Do", "KIO_ex_p182_03_01Do\KIO_ex_p182_03_01Do.csproj", "{58C7DF1C-1A64-460E-B9BB-E4FB2D326D21}"
EndProject
Project("{FAE04EC0-301F-11D3-BF4B-00C04F79EFBC}") = "KIO_ex_p182_03_02While", "KIO_ex_p182_03_02While\KIO_ex_p182_03_02While.csproj", "{D93DC131-2844-4C48-B798-28A1419C69FF}"
EndProject
Project("{FAE04EC0-301F-11D3-BF4B-00C04F79EFBC}") = "KIO_ex_p182_03_02Do", "KIO_ex_p182_03_02Do\KIO_ex_p182_03_02Do.csproj", "{7DB1817F-5842-4548-A45C-402DE69A8389}"
EndProject
Global
	GlobalSection(SolutionConfigurationPlatforms) = preSolution
		Debug|Any CPU = Debug|Any CPU
		Release|Any CPU = Release|Any CPU
	EndGlobalSection
	GlobalSection(ProjectConfigurationPlatforms) = postSolution
		{01129524-EECB-485D-8BD1-E6383D7F0501}.Debug|Any CPU.ActiveCfg = Debug|Any CPU
		{01129524-EECB-485D-8BD1-E6383D7F0501}.Debug|Any CPU.Build.0 = Debug|Any CPU
		{01129524-EECB-485D-8BD1-E6383D7F0501}.Release|Any CPU.ActiveCfg = Release|Any CPU
		{01129524-EECB-485D-8BD1-E6383D7F0501}.Release|Any CPU.Build.0 = Release|Any CPU
		{70D591DE-01A6-48F8-8CE9-D16F939E2DAD}.Debug|Any CPU.ActiveCfg = Debug|Any CPU
		{70D591DE-01A6-48F8-8CE9-D16F939E2DAD}.Debug|Any CPU.Build.0 = Debug|Any CPU
		{70D591DE-01A6-48F8-8CE9-D16F939E2DAD}.Release|Any CPU.ActiveCfg = Release|Any CPU
		{70D591DE-01A6-48F8-8CE9-D16F939E2DAD}.Release|Any CPU.Build.0 = Release|Any CPU
		{AEA57092-03D2-4790-9F20-9F5ABBA1BFFA}.Debug|Any CPU.ActiveCfg = Debug|Any CPU
		{AEA57092-03D2-4790-9F20-9F5ABBA1BFFA}.Debug|Any CPU.Build.0 = Debug|Any CPU
		{AEA57092-03D2-4790-9F20-9F5ABBA1BFFA}.Release|Any CPU.ActiveCfg = Release|Any CPU
		{AEA57092-03D2-4790-9F20-9F5ABBA1BFFA}.Release|Any CPU.Build.0 = Release|Any CPU
		{5969D59C-EDD3-401B-8243-54192B8D1C78}.Debug|Any CPU.ActiveCfg = Debug|Any CPU
		{5969D59C-EDD3-401B-8243-54192B8D1C78}.Debug|Any CPU.Build.0 = Debug|Any CPU
		{5969D59C-EDD3-401B-8243-54192B8D1C78}.Release|Any CPU.ActiveCfg = Release|Any CPU
		{5969D59C-EDD3-401B-8243-54192B8D1C78}.Release|Any CPU.Build.0 = Release|Any CPU
		{58C7DF1C-1A64-460E-B9BB-E4FB2D326D21}.Debug|Any CPU.ActiveCfg = Debug|Any CPU
		{58C7DF1C-1A64-460E-B9BB-E4FB2D326D21}.Debug|Any CPU.Build.0 = Debug|Any CPU
		{58C7DF1C-1A64-460E-B9BB-E4FB2D326D21}.Release|Any CPU.ActiveCfg = Release|Any CPU
		{58C7DF1C-1A64-460E-B9BB-E4FB2D326D21}.Release|Any CPU.Build.0 = Release|Any CPU
		{D93DC131-2844-4C48-B798-28A1419C69FF}.Debug|Any CPU.ActiveCfg = Debug|Any CPU
		{D93DC131-2844-4C48-B798-28A1419C69FF}.Debug|Any CPU.Build.0 = Debug|Any CPU
		{D93DC131-2844-4C48-B798-28A1419C69FF}.Release|Any CPU.ActiveCfg = Release|Any CPU
		{D93DC131-2844-4C48-B798-28A1419C69FF}.Release|Any CPU.Build.0 = Release|Any CPU
		{7DB1817F-5842-4548-A45C-402DE69A8389}.Debug|Any CPU.ActiveCfg = Debug|Any CPU
		{7DB1817F-5842-4548-A45C-402DE69A8389}.Debug|Any CPU.Build.0 = Debug|Any CPU
		{7DB1817F-5842-4548-A45C-402DE69A8389}.Release|Any CPU.ActiveCfg = Release|Any CPU
		{7DB1817F-5842-4548-A45C-402DE69A8389}.Release|Any CPU.Build.0 = Release|Any CPU
	EndGlobalSection
	GlobalSection(SolutionProperties) = preSolution
		HideSolutionNode = FALSE
	EndGlobalSection
	GlobalSection(ExtensibilityGlobals) = postSolution
		SolutionGuid = {2ED67F52-FAC4-4280-8580-9E31F854EF5C}
	EndGlobalSection
EndGlobal
