
Microsoft Visual Studio Solution File, Format Version 12.00
# Visual Studio Version 16
VisualStudioVersion = 16.0.33328.57
MinimumVisualStudioVersion = 10.0.40219.1
Project("{FAE04EC0-301F-11D3-BF4B-00C04F79EFBC}") = "KIO_ex_p182_01", "KIO_ex_p182\KIO_ex_p182_01.csproj", "{F3E43528-875F-4657-9BC5-4B6C28508C7F}"
EndProject
Global
	GlobalSection(SolutionConfigurationPlatforms) = preSolution
		Debug|Any CPU = Debug|Any CPU
		Release|Any CPU = Release|Any CPU
	EndGlobalSection
	GlobalSection(ProjectConfigurationPlatforms) = postSolution
		{F3E43528-875F-4657-9BC5-4B6C28508C7F}.Debug|Any CPU.ActiveCfg = Debug|Any CPU
		{F3E43528-875F-4657-9BC5-4B6C28508C7F}.Debug|Any CPU.Build.0 = Debug|Any CPU
		{F3E43528-875F-4657-9BC5-4B6C28508C7F}.Release|Any CPU.ActiveCfg = Release|Any CPU
		{F3E43528-875F-4657-9BC5-4B6C28508C7F}.Release|Any CPU.Build.0 = Release|Any CPU
	EndGlobalSection
	GlobalSection(SolutionProperties) = preSolution
		HideSolutionNode = FALSE
	EndGlobalSection
	GlobalSection(ExtensibilityGlobals) = postSolution
		SolutionGuid = {2ED67F52-FAC4-4280-8580-9E31F854EF5C}
	EndGlobalSection
EndGlobal
